
Microsoft Visual Studio Solution File, Format Version 12.00
# Visual Studio Version 17
VisualStudioVersion = 17.2.32630.192
MinimumVisualStudioVersion = 10.0.40219.1
Project("{9A19103F-16F7-4668-BE54-9A1E7A4F7556}") = "backend", "backend\backend.csproj", "{4BF67E67-2736-4074-8930-C86702142118}"
EndProject
Project("{9A19103F-16F7-4668-BE54-9A1E7A4F7556}") = "SkinData", "skindata\SkinData.csproj", "{4BF5EA58-06EC-4F1E-874C-C83794D2885B}"
EndProject
Project("{9A19103F-16F7-4668-BE54-9A1E7A4F7556}") = "maint", "utils\maint\maint.csproj", "{1D82AD0C-5AF1-4816-B463-854482225F7C}"
EndProject
Global
	GlobalSection(SolutionConfigurationPlatforms) = preSolution
		Debug|Any CPU = Debug|Any CPU
		Release|Any CPU = Release|Any CPU
	EndGlobalSection
	GlobalSection(ProjectConfigurationPlatforms) = postSolution
		{4BF67E67-2736-4074-8930-C86702142118}.Debug|Any CPU.ActiveCfg = Debug|Any CPU
		{4BF67E67-2736-4074-8930-C86702142118}.Debug|Any CPU.Build.0 = Debug|Any CPU
		{4BF67E67-2736-4074-8930-C86702142118}.Release|Any CPU.ActiveCfg = Release|Any CPU
		{4BF67E67-2736-4074-8930-C86702142118}.Release|Any CPU.Build.0 = Release|Any CPU
		{4BF5EA58-06EC-4F1E-874C-C83794D2885B}.Debug|Any CPU.ActiveCfg = Debug|Any CPU
		{4BF5EA58-06EC-4F1E-874C-C83794D2885B}.Debug|Any CPU.Build.0 = Debug|Any CPU
		{4BF5EA58-06EC-4F1E-874C-C83794D2885B}.Release|Any CPU.ActiveCfg = Release|Any CPU
		{4BF5EA58-06EC-4F1E-874C-C83794D2885B}.Release|Any CPU.Build.0 = Release|Any CPU
		{1D82AD0C-5AF1-4816-B463-854482225F7C}.Debug|Any CPU.ActiveCfg = Debug|Any CPU
		{1D82AD0C-5AF1-4816-B463-854482225F7C}.Debug|Any CPU.Build.0 = Debug|Any CPU
		{1D82AD0C-5AF1-4816-B463-854482225F7C}.Release|Any CPU.ActiveCfg = Release|Any CPU
		{1D82AD0C-5AF1-4816-B463-854482225F7C}.Release|Any CPU.Build.0 = Release|Any CPU
	EndGlobalSection
	GlobalSection(SolutionProperties) = preSolution
		HideSolutionNode = FALSE
	EndGlobalSection
	GlobalSection(ExtensibilityGlobals) = postSolution
		SolutionGuid = {0EA4D31B-9A22-4CC7-956A-C1E9BEAD81A2}
	EndGlobalSection
EndGlobal
