
Microsoft Visual Studio Solution File, Format Version 12.00
# Visual Studio Version 17
VisualStudioVersion = 17.2.32630.192
MinimumVisualStudioVersion = 10.0.40219.1
Project("{9A19103F-16F7-4668-BE54-9A1E7A4F7556}") = "backend", "backend\backend.csproj", "{4BF67E67-2736-4074-8930-C86702142118}"
EndProject
Project("{FAE04EC0-301F-11D3-BF4B-00C04F79EFBC}") = "maint", "..\utils\maint\maint.csproj", "{DFD4AB6A-98D7-48C0-BDF5-ECBBA90474DD}"
EndProject
Project("{FAE04EC0-301F-11D3-BF4B-00C04F79EFBC}") = "SkinData", "..\skindata\SkinData\SkinData.csproj", "{D532428C-4691-41C8-82FB-54F7430636D0}"
EndProject
Global
	GlobalSection(SolutionConfigurationPlatforms) = preSolution
		Debug|Any CPU = Debug|Any CPU
		Release|Any CPU = Release|Any CPU
	EndGlobalSection
	GlobalSection(ProjectConfigurationPlatforms) = postSolution
		{4BF67E67-2736-4074-8930-C86702142118}.Debug|Any CPU.ActiveCfg = Debug|Any CPU
		{4BF67E67-2736-4074-8930-C86702142118}.Debug|Any CPU.Build.0 = Debug|Any CPU
		{4BF67E67-2736-4074-8930-C86702142118}.Release|Any CPU.ActiveCfg = Release|Any CPU
		{4BF67E67-2736-4074-8930-C86702142118}.Release|Any CPU.Build.0 = Release|Any CPU
		{DFD4AB6A-98D7-48C0-BDF5-ECBBA90474DD}.Debug|Any CPU.ActiveCfg = Debug|Any CPU
		{DFD4AB6A-98D7-48C0-BDF5-ECBBA90474DD}.Debug|Any CPU.Build.0 = Debug|Any CPU
		{DFD4AB6A-98D7-48C0-BDF5-ECBBA90474DD}.Release|Any CPU.ActiveCfg = Release|Any CPU
		{DFD4AB6A-98D7-48C0-BDF5-ECBBA90474DD}.Release|Any CPU.Build.0 = Release|Any CPU
		{D532428C-4691-41C8-82FB-54F7430636D0}.Debug|Any CPU.ActiveCfg = Debug|Any CPU
		{D532428C-4691-41C8-82FB-54F7430636D0}.Debug|Any CPU.Build.0 = Debug|Any CPU
		{D532428C-4691-41C8-82FB-54F7430636D0}.Release|Any CPU.ActiveCfg = Release|Any CPU
		{D532428C-4691-41C8-82FB-54F7430636D0}.Release|Any CPU.Build.0 = Release|Any CPU
	EndGlobalSection
	GlobalSection(SolutionProperties) = preSolution
		HideSolutionNode = FALSE
	EndGlobalSection
	GlobalSection(ExtensibilityGlobals) = postSolution
		SolutionGuid = {0EA4D31B-9A22-4CC7-956A-C1E9BEAD81A2}
	EndGlobalSection
EndGlobal
